{
  "nodes": {
    "flake-utils": {
      "locked": {
        "lastModified": 1676283394,
        "narHash": "sha256-XX2f9c3iySLCw54rJ/CZs+ZK6IQy7GXNY4nSOyu2QG4=",
        "owner": "numtide",
        "repo": "flake-utils",
        "rev": "3db36a8b464d0c4532ba1c7dda728f4576d6d073",
        "type": "github"
      },
      "original": {
        "owner": "numtide",
        "repo": "flake-utils",
        "type": "github"
      }
    },
    "nix-environments": {
      "inputs": {
        "nixpkgs": "nixpkgs"
      },
      "locked": {
        "lastModified": 1678557501,
        "narHash": "sha256-9hSg/sQSCojNxRGdTqlAlzsQXsLqIj6FU0huL/k6a7Y=",
        "owner": "nix-community",
        "repo": "nix-environments",
        "rev": "0cba9129f3b86ebaef5dd5af3320316d2c90ba90",
        "type": "github"
      },
      "original": {
        "owner": "nix-community",
        "repo": "nix-environments",
        "type": "github"
      }
    },
    "nixpkgs": {
      "locked": {
        "lastModified": 1678230755,
        "narHash": "sha256-SFAXgNjNTXzcAideXcP0takfUGVft/VR5CACmYHg+Fc=",
        "path": "/nix/store/dhdakb68bvihwrfvimwifm295qzycmrm-source",
        "rev": "a7cc81913bb3cd1ef05ed0ece048b773e1839e51",
        "type": "path"
      },
      "original": {
        "id": "nixpkgs",
        "type": "indirect"
      }
    },
    "nixpkgs_2": {
      "locked": {
        "lastModified": 1678470307,
        "narHash": "sha256-OEeMUr3ueLIXyW/OaFUX5jUdimyQwMg/7e+/Q0gC/QE=",
        "owner": "nixos",
        "repo": "nixpkgs",
        "rev": "0c4800d579af4ed98ecc47d464a5e7b0870c4b1f",
        "type": "github"
      },
      "original": {
        "owner": "nixos",
        "ref": "nixos-unstable",
        "repo": "nixpkgs",
        "type": "github"
      }
    },
    "root": {
      "inputs": {
        "flake-utils": "flake-utils",
        "nix-environments": "nix-environments",
        "nixpkgs": "nixpkgs_2"
      }
    }
  },
  "root": "root",
  "version": 7
}
